
Microsoft Visual Studio Solution File, Format Version 12.00
# Visual Studio 15
VisualStudioVersion = 15.0.26403.7
MinimumVisualStudioVersion = 10.0.40219.1
Project("{FAE04EC0-301F-11D3-BF4B-00C04F79EFBC}") = "CaptionMeApp.Android", "CaptionMeApp\CaptionMeApp.Android\CaptionMeApp.Android.csproj", "{C6CF215B-9308-427F-BB96-04605FB6F6FB}"
EndProject
Project("{FAE04EC0-301F-11D3-BF4B-00C04F79EFBC}") = "CaptionMeApp", "CaptionMeApp\CaptionMeApp\CaptionMeApp.csproj", "{94A072C2-CE11-4647-B727-141D0FAF9F66}"
EndProject
Project("{FAE04EC0-301F-11D3-BF4B-00C04F79EFBC}") = "CaptionMeApp.UWP", "CaptionMeApp\CaptionMeApp.UWP\CaptionMeApp.UWP.csproj", "{4A78D30A-4881-4523-BB10-4180FB96A73E}"
EndProject
Project("{FAE04EC0-301F-11D3-BF4B-00C04F79EFBC}") = "CaptionMeApp.iOS", "CaptionMeApp\CaptionMeApp.iOS\CaptionMeApp.iOS.csproj", "{2FB7C02A-E7C7-44FB-9E6D-51C49B9A1390}"
EndProject
Global
	GlobalSection(SolutionConfigurationPlatforms) = preSolution
		Ad-Hoc|Any CPU = Ad-Hoc|Any CPU
		Ad-Hoc|ARM = Ad-Hoc|ARM
		Ad-Hoc|iPhone = Ad-Hoc|iPhone
		Ad-Hoc|iPhoneSimulator = Ad-Hoc|iPhoneSimulator
		Ad-Hoc|x64 = Ad-Hoc|x64
		Ad-Hoc|x86 = Ad-Hoc|x86
		AppStore|Any CPU = AppStore|Any CPU
		AppStore|ARM = AppStore|ARM
		AppStore|iPhone = AppStore|iPhone
		AppStore|iPhoneSimulator = AppStore|iPhoneSimulator
		AppStore|x64 = AppStore|x64
		AppStore|x86 = AppStore|x86
		Debug|Any CPU = Debug|Any CPU
		Debug|ARM = Debug|ARM
		Debug|iPhone = Debug|iPhone
		Debug|iPhoneSimulator = Debug|iPhoneSimulator
		Debug|x64 = Debug|x64
		Debug|x86 = Debug|x86
		Release|Any CPU = Release|Any CPU
		Release|ARM = Release|ARM
		Release|iPhone = Release|iPhone
		Release|iPhoneSimulator = Release|iPhoneSimulator
		Release|x64 = Release|x64
		Release|x86 = Release|x86
	EndGlobalSection
	GlobalSection(ProjectConfigurationPlatforms) = postSolution
		{C6CF215B-9308-427F-BB96-04605FB6F6FB}.Ad-Hoc|Any CPU.ActiveCfg = Release|Any CPU
		{C6CF215B-9308-427F-BB96-04605FB6F6FB}.Ad-Hoc|Any CPU.Build.0 = Release|Any CPU
		{C6CF215B-9308-427F-BB96-04605FB6F6FB}.Ad-Hoc|Any CPU.Deploy.0 = Release|Any CPU
		{C6CF215B-9308-427F-BB96-04605FB6F6FB}.Ad-Hoc|ARM.ActiveCfg = Release|Any CPU
		{C6CF215B-9308-427F-BB96-04605FB6F6FB}.Ad-Hoc|ARM.Build.0 = Release|Any CPU
		{C6CF215B-9308-427F-BB96-04605FB6F6FB}.Ad-Hoc|ARM.Deploy.0 = Release|Any CPU
		{C6CF215B-9308-427F-BB96-04605FB6F6FB}.Ad-Hoc|iPhone.ActiveCfg = Release|Any CPU
		{C6CF215B-9308-427F-BB96-04605FB6F6FB}.Ad-Hoc|iPhone.Build.0 = Release|Any CPU
		{C6CF215B-9308-427F-BB96-04605FB6F6FB}.Ad-Hoc|iPhone.Deploy.0 = Release|Any CPU
		{C6CF215B-9308-427F-BB96-04605FB6F6FB}.Ad-Hoc|iPhoneSimulator.ActiveCfg = Release|Any CPU
		{C6CF215B-9308-427F-BB96-04605FB6F6FB}.Ad-Hoc|iPhoneSimulator.Build.0 = Release|Any CPU
		{C6CF215B-9308-427F-BB96-04605FB6F6FB}.Ad-Hoc|iPhoneSimulator.Deploy.0 = Release|Any CPU
		{C6CF215B-9308-427F-BB96-04605FB6F6FB}.Ad-Hoc|x64.ActiveCfg = Release|Any CPU
		{C6CF215B-9308-427F-BB96-04605FB6F6FB}.Ad-Hoc|x64.Build.0 = Release|Any CPU
		{C6CF215B-9308-427F-BB96-04605FB6F6FB}.Ad-Hoc|x64.Deploy.0 = Release|Any CPU
		{C6CF215B-9308-427F-BB96-04605FB6F6FB}.Ad-Hoc|x86.ActiveCfg = Release|Any CPU
		{C6CF215B-9308-427F-BB96-04605FB6F6FB}.Ad-Hoc|x86.Build.0 = Release|Any CPU
		{C6CF215B-9308-427F-BB96-04605FB6F6FB}.Ad-Hoc|x86.Deploy.0 = Release|Any CPU
		{C6CF215B-9308-427F-BB96-04605FB6F6FB}.AppStore|Any CPU.ActiveCfg = Release|Any CPU
		{C6CF215B-9308-427F-BB96-04605FB6F6FB}.AppStore|Any CPU.Build.0 = Release|Any CPU
		{C6CF215B-9308-427F-BB96-04605FB6F6FB}.AppStore|Any CPU.Deploy.0 = Release|Any CPU
		{C6CF215B-9308-427F-BB96-04605FB6F6FB}.AppStore|ARM.ActiveCfg = Release|Any CPU
		{C6CF215B-9308-427F-BB96-04605FB6F6FB}.AppStore|ARM.Build.0 = Release|Any CPU
		{C6CF215B-9308-427F-BB96-04605FB6F6FB}.AppStore|ARM.Deploy.0 = Release|Any CPU
		{C6CF215B-9308-427F-BB96-04605FB6F6FB}.AppStore|iPhone.ActiveCfg = Release|Any CPU
		{C6CF215B-9308-427F-BB96-04605FB6F6FB}.AppStore|iPhone.Build.0 = Release|Any CPU
		{C6CF215B-9308-427F-BB96-04605FB6F6FB}.AppStore|iPhone.Deploy.0 = Release|Any CPU
		{C6CF215B-9308-427F-BB96-04605FB6F6FB}.AppStore|iPhoneSimulator.ActiveCfg = Release|Any CPU
		{C6CF215B-9308-427F-BB96-04605FB6F6FB}.AppStore|iPhoneSimulator.Build.0 = Release|Any CPU
		{C6CF215B-9308-427F-BB96-04605FB6F6FB}.AppStore|iPhoneSimulator.Deploy.0 = Release|Any CPU
		{C6CF215B-9308-427F-BB96-04605FB6F6FB}.AppStore|x64.ActiveCfg = Release|Any CPU
		{C6CF215B-9308-427F-BB96-04605FB6F6FB}.AppStore|x64.Build.0 = Release|Any CPU
		{C6CF215B-9308-427F-BB96-04605FB6F6FB}.AppStore|x64.Deploy.0 = Release|Any CPU
		{C6CF215B-9308-427F-BB96-04605FB6F6FB}.AppStore|x86.ActiveCfg = Release|Any CPU
		{C6CF215B-9308-427F-BB96-04605FB6F6FB}.AppStore|x86.Build.0 = Release|Any CPU
		{C6CF215B-9308-427F-BB96-04605FB6F6FB}.AppStore|x86.Deploy.0 = Release|Any CPU
		{C6CF215B-9308-427F-BB96-04605FB6F6FB}.Debug|Any CPU.ActiveCfg = Debug|Any CPU
		{C6CF215B-9308-427F-BB96-04605FB6F6FB}.Debug|Any CPU.Build.0 = Debug|Any CPU
		{C6CF215B-9308-427F-BB96-04605FB6F6FB}.Debug|Any CPU.Deploy.0 = Debug|Any CPU
		{C6CF215B-9308-427F-BB96-04605FB6F6FB}.Debug|ARM.ActiveCfg = Debug|Any CPU
		{C6CF215B-9308-427F-BB96-04605FB6F6FB}.Debug|ARM.Build.0 = Debug|Any CPU
		{C6CF215B-9308-427F-BB96-04605FB6F6FB}.Debug|ARM.Deploy.0 = Debug|Any CPU
		{C6CF215B-9308-427F-BB96-04605FB6F6FB}.Debug|iPhone.ActiveCfg = Debug|Any CPU
		{C6CF215B-9308-427F-BB96-04605FB6F6FB}.Debug|iPhone.Build.0 = Debug|Any CPU
		{C6CF215B-9308-427F-BB96-04605FB6F6FB}.Debug|iPhone.Deploy.0 = Debug|Any CPU
		{C6CF215B-9308-427F-BB96-04605FB6F6FB}.Debug|iPhoneSimulator.ActiveCfg = Debug|Any CPU
		{C6CF215B-9308-427F-BB96-04605FB6F6FB}.Debug|iPhoneSimulator.Build.0 = Debug|Any CPU
		{C6CF215B-9308-427F-BB96-04605FB6F6FB}.Debug|iPhoneSimulator.Deploy.0 = Debug|Any CPU
		{C6CF215B-9308-427F-BB96-04605FB6F6FB}.Debug|x64.ActiveCfg = Debug|Any CPU
		{C6CF215B-9308-427F-BB96-04605FB6F6FB}.Debug|x64.Build.0 = Debug|Any CPU
		{C6CF215B-9308-427F-BB96-04605FB6F6FB}.Debug|x64.Deploy.0 = Debug|Any CPU
		{C6CF215B-9308-427F-BB96-04605FB6F6FB}.Debug|x86.ActiveCfg = Debug|Any CPU
		{C6CF215B-9308-427F-BB96-04605FB6F6FB}.Debug|x86.Build.0 = Debug|Any CPU
		{C6CF215B-9308-427F-BB96-04605FB6F6FB}.Debug|x86.Deploy.0 = Debug|Any CPU
		{C6CF215B-9308-427F-BB96-04605FB6F6FB}.Release|Any CPU.ActiveCfg = Release|Any CPU
		{C6CF215B-9308-427F-BB96-04605FB6F6FB}.Release|Any CPU.Build.0 = Release|Any CPU
		{C6CF215B-9308-427F-BB96-04605FB6F6FB}.Release|Any CPU.Deploy.0 = Release|Any CPU
		{C6CF215B-9308-427F-BB96-04605FB6F6FB}.Release|ARM.ActiveCfg = Release|Any CPU
		{C6CF215B-9308-427F-BB96-04605FB6F6FB}.Release|ARM.Build.0 = Release|Any CPU
		{C6CF215B-9308-427F-BB96-04605FB6F6FB}.Release|ARM.Deploy.0 = Release|Any CPU
		{C6CF215B-9308-427F-BB96-04605FB6F6FB}.Release|iPhone.ActiveCfg = Release|Any CPU
		{C6CF215B-9308-427F-BB96-04605FB6F6FB}.Release|iPhone.Build.0 = Release|Any CPU
		{C6CF215B-9308-427F-BB96-04605FB6F6FB}.Release|iPhone.Deploy.0 = Release|Any CPU
		{C6CF215B-9308-427F-BB96-04605FB6F6FB}.Release|iPhoneSimulator.ActiveCfg = Release|Any CPU
		{C6CF215B-9308-427F-BB96-04605FB6F6FB}.Release|iPhoneSimulator.Build.0 = Release|Any CPU
		{C6CF215B-9308-427F-BB96-04605FB6F6FB}.Release|iPhoneSimulator.Deploy.0 = Release|Any CPU
		{C6CF215B-9308-427F-BB96-04605FB6F6FB}.Release|x64.ActiveCfg = Release|Any CPU
		{C6CF215B-9308-427F-BB96-04605FB6F6FB}.Release|x64.Build.0 = Release|Any CPU
		{C6CF215B-9308-427F-BB96-04605FB6F6FB}.Release|x64.Deploy.0 = Release|Any CPU
		{C6CF215B-9308-427F-BB96-04605FB6F6FB}.Release|x86.ActiveCfg = Release|Any CPU
		{C6CF215B-9308-427F-BB96-04605FB6F6FB}.Release|x86.Build.0 = Release|Any CPU
		{C6CF215B-9308-427F-BB96-04605FB6F6FB}.Release|x86.Deploy.0 = Release|Any CPU
		{94A072C2-CE11-4647-B727-141D0FAF9F66}.Ad-Hoc|Any CPU.ActiveCfg = Release|Any CPU
		{94A072C2-CE11-4647-B727-141D0FAF9F66}.Ad-Hoc|Any CPU.Build.0 = Release|Any CPU
		{94A072C2-CE11-4647-B727-141D0FAF9F66}.Ad-Hoc|ARM.ActiveCfg = Release|Any CPU
		{94A072C2-CE11-4647-B727-141D0FAF9F66}.Ad-Hoc|ARM.Build.0 = Release|Any CPU
		{94A072C2-CE11-4647-B727-141D0FAF9F66}.Ad-Hoc|iPhone.ActiveCfg = Release|Any CPU
		{94A072C2-CE11-4647-B727-141D0FAF9F66}.Ad-Hoc|iPhone.Build.0 = Release|Any CPU
		{94A072C2-CE11-4647-B727-141D0FAF9F66}.Ad-Hoc|iPhoneSimulator.ActiveCfg = Release|Any CPU
		{94A072C2-CE11-4647-B727-141D0FAF9F66}.Ad-Hoc|iPhoneSimulator.Build.0 = Release|Any CPU
		{94A072C2-CE11-4647-B727-141D0FAF9F66}.Ad-Hoc|x64.ActiveCfg = Release|Any CPU
		{94A072C2-CE11-4647-B727-141D0FAF9F66}.Ad-Hoc|x64.Build.0 = Release|Any CPU
		{94A072C2-CE11-4647-B727-141D0FAF9F66}.Ad-Hoc|x86.ActiveCfg = Release|Any CPU
		{94A072C2-CE11-4647-B727-141D0FAF9F66}.Ad-Hoc|x86.Build.0 = Release|Any CPU
		{94A072C2-CE11-4647-B727-141D0FAF9F66}.AppStore|Any CPU.ActiveCfg = Release|Any CPU
		{94A072C2-CE11-4647-B727-141D0FAF9F66}.AppStore|Any CPU.Build.0 = Release|Any CPU
		{94A072C2-CE11-4647-B727-141D0FAF9F66}.AppStore|ARM.ActiveCfg = Release|Any CPU
		{94A072C2-CE11-4647-B727-141D0FAF9F66}.AppStore|ARM.Build.0 = Release|Any CPU
		{94A072C2-CE11-4647-B727-141D0FAF9F66}.AppStore|iPhone.ActiveCfg = Release|Any CPU
		{94A072C2-CE11-4647-B727-141D0FAF9F66}.AppStore|iPhone.Build.0 = Release|Any CPU
		{94A072C2-CE11-4647-B727-141D0FAF9F66}.AppStore|iPhoneSimulator.ActiveCfg = Release|Any CPU
		{94A072C2-CE11-4647-B727-141D0FAF9F66}.AppStore|iPhoneSimulator.Build.0 = Release|Any CPU
		{94A072C2-CE11-4647-B727-141D0FAF9F66}.AppStore|x64.ActiveCfg = Release|Any CPU
		{94A072C2-CE11-4647-B727-141D0FAF9F66}.AppStore|x64.Build.0 = Release|Any CPU
		{94A072C2-CE11-4647-B727-141D0FAF9F66}.AppStore|x86.ActiveCfg = Release|Any CPU
		{94A072C2-CE11-4647-B727-141D0FAF9F66}.AppStore|x86.Build.0 = Release|Any CPU
		{94A072C2-CE11-4647-B727-141D0FAF9F66}.Debug|Any CPU.ActiveCfg = Debug|Any CPU
		{94A072C2-CE11-4647-B727-141D0FAF9F66}.Debug|Any CPU.Build.0 = Debug|Any CPU
		{94A072C2-CE11-4647-B727-141D0FAF9F66}.Debug|ARM.ActiveCfg = Debug|Any CPU
		{94A072C2-CE11-4647-B727-141D0FAF9F66}.Debug|ARM.Build.0 = Debug|Any CPU
		{94A072C2-CE11-4647-B727-141D0FAF9F66}.Debug|iPhone.ActiveCfg = Debug|Any CPU
		{94A072C2-CE11-4647-B727-141D0FAF9F66}.Debug|iPhone.Build.0 = Debug|Any CPU
		{94A072C2-CE11-4647-B727-141D0FAF9F66}.Debug|iPhoneSimulator.ActiveCfg = Debug|Any CPU
		{94A072C2-CE11-4647-B727-141D0FAF9F66}.Debug|iPhoneSimulator.Build.0 = Debug|Any CPU
		{94A072C2-CE11-4647-B727-141D0FAF9F66}.Debug|x64.ActiveCfg = Debug|Any CPU
		{94A072C2-CE11-4647-B727-141D0FAF9F66}.Debug|x64.Build.0 = Debug|Any CPU
		{94A072C2-CE11-4647-B727-141D0FAF9F66}.Debug|x86.ActiveCfg = Debug|Any CPU
		{94A072C2-CE11-4647-B727-141D0FAF9F66}.Debug|x86.Build.0 = Debug|Any CPU
		{94A072C2-CE11-4647-B727-141D0FAF9F66}.Release|Any CPU.ActiveCfg = Release|Any CPU
		{94A072C2-CE11-4647-B727-141D0FAF9F66}.Release|Any CPU.Build.0 = Release|Any CPU
		{94A072C2-CE11-4647-B727-141D0FAF9F66}.Release|ARM.ActiveCfg = Release|Any CPU
		{94A072C2-CE11-4647-B727-141D0FAF9F66}.Release|ARM.Build.0 = Release|Any CPU
		{94A072C2-CE11-4647-B727-141D0FAF9F66}.Release|iPhone.ActiveCfg = Release|Any CPU
		{94A072C2-CE11-4647-B727-141D0FAF9F66}.Release|iPhone.Build.0 = Release|Any CPU
		{94A072C2-CE11-4647-B727-141D0FAF9F66}.Release|iPhoneSimulator.ActiveCfg = Release|Any CPU
		{94A072C2-CE11-4647-B727-141D0FAF9F66}.Release|iPhoneSimulator.Build.0 = Release|Any CPU
		{94A072C2-CE11-4647-B727-141D0FAF9F66}.Release|x64.ActiveCfg = Release|Any CPU
		{94A072C2-CE11-4647-B727-141D0FAF9F66}.Release|x64.Build.0 = Release|Any CPU
		{94A072C2-CE11-4647-B727-141D0FAF9F66}.Release|x86.ActiveCfg = Release|Any CPU
		{94A072C2-CE11-4647-B727-141D0FAF9F66}.Release|x86.Build.0 = Release|Any CPU
		{4A78D30A-4881-4523-BB10-4180FB96A73E}.Ad-Hoc|Any CPU.ActiveCfg = Release|x86
		{4A78D30A-4881-4523-BB10-4180FB96A73E}.Ad-Hoc|Any CPU.Build.0 = Release|x86
		{4A78D30A-4881-4523-BB10-4180FB96A73E}.Ad-Hoc|Any CPU.Deploy.0 = Release|x86
		{4A78D30A-4881-4523-BB10-4180FB96A73E}.Ad-Hoc|ARM.ActiveCfg = Release|ARM
		{4A78D30A-4881-4523-BB10-4180FB96A73E}.Ad-Hoc|ARM.Build.0 = Release|ARM
		{4A78D30A-4881-4523-BB10-4180FB96A73E}.Ad-Hoc|ARM.Deploy.0 = Release|ARM
		{4A78D30A-4881-4523-BB10-4180FB96A73E}.Ad-Hoc|iPhone.ActiveCfg = Release|x86
		{4A78D30A-4881-4523-BB10-4180FB96A73E}.Ad-Hoc|iPhone.Build.0 = Release|x86
		{4A78D30A-4881-4523-BB10-4180FB96A73E}.Ad-Hoc|iPhone.Deploy.0 = Release|x86
		{4A78D30A-4881-4523-BB10-4180FB96A73E}.Ad-Hoc|iPhoneSimulator.ActiveCfg = Release|x86
		{4A78D30A-4881-4523-BB10-4180FB96A73E}.Ad-Hoc|iPhoneSimulator.Build.0 = Release|x86
		{4A78D30A-4881-4523-BB10-4180FB96A73E}.Ad-Hoc|iPhoneSimulator.Deploy.0 = Release|x86
		{4A78D30A-4881-4523-BB10-4180FB96A73E}.Ad-Hoc|x64.ActiveCfg = Release|x64
		{4A78D30A-4881-4523-BB10-4180FB96A73E}.Ad-Hoc|x64.Build.0 = Release|x64
		{4A78D30A-4881-4523-BB10-4180FB96A73E}.Ad-Hoc|x64.Deploy.0 = Release|x64
		{4A78D30A-4881-4523-BB10-4180FB96A73E}.Ad-Hoc|x86.ActiveCfg = Release|x86
		{4A78D30A-4881-4523-BB10-4180FB96A73E}.Ad-Hoc|x86.Build.0 = Release|x86
		{4A78D30A-4881-4523-BB10-4180FB96A73E}.Ad-Hoc|x86.Deploy.0 = Release|x86
		{4A78D30A-4881-4523-BB10-4180FB96A73E}.AppStore|Any CPU.ActiveCfg = Release|x86
		{4A78D30A-4881-4523-BB10-4180FB96A73E}.AppStore|Any CPU.Build.0 = Release|x86
		{4A78D30A-4881-4523-BB10-4180FB96A73E}.AppStore|Any CPU.Deploy.0 = Release|x86
		{4A78D30A-4881-4523-BB10-4180FB96A73E}.AppStore|ARM.ActiveCfg = Release|ARM
		{4A78D30A-4881-4523-BB10-4180FB96A73E}.AppStore|ARM.Build.0 = Release|ARM
		{4A78D30A-4881-4523-BB10-4180FB96A73E}.AppStore|ARM.Deploy.0 = Release|ARM
		{4A78D30A-4881-4523-BB10-4180FB96A73E}.AppStore|iPhone.ActiveCfg = Release|x86
		{4A78D30A-4881-4523-BB10-4180FB96A73E}.AppStore|iPhone.Build.0 = Release|x86
		{4A78D30A-4881-4523-BB10-4180FB96A73E}.AppStore|iPhone.Deploy.0 = Release|x86
		{4A78D30A-4881-4523-BB10-4180FB96A73E}.AppStore|iPhoneSimulator.ActiveCfg = Release|x86
		{4A78D30A-4881-4523-BB10-4180FB96A73E}.AppStore|iPhoneSimulator.Build.0 = Release|x86
		{4A78D30A-4881-4523-BB10-4180FB96A73E}.AppStore|iPhoneSimulator.Deploy.0 = Release|x86
		{4A78D30A-4881-4523-BB10-4180FB96A73E}.AppStore|x64.ActiveCfg = Release|x64
		{4A78D30A-4881-4523-BB10-4180FB96A73E}.AppStore|x64.Build.0 = Release|x64
		{4A78D30A-4881-4523-BB10-4180FB96A73E}.AppStore|x64.Deploy.0 = Release|x64
		{4A78D30A-4881-4523-BB10-4180FB96A73E}.AppStore|x86.ActiveCfg = Release|x86
		{4A78D30A-4881-4523-BB10-4180FB96A73E}.AppStore|x86.Build.0 = Release|x86
		{4A78D30A-4881-4523-BB10-4180FB96A73E}.AppStore|x86.Deploy.0 = Release|x86
		{4A78D30A-4881-4523-BB10-4180FB96A73E}.Debug|Any CPU.ActiveCfg = Debug|x86
		{4A78D30A-4881-4523-BB10-4180FB96A73E}.Debug|ARM.ActiveCfg = Debug|ARM
		{4A78D30A-4881-4523-BB10-4180FB96A73E}.Debug|ARM.Build.0 = Debug|ARM
		{4A78D30A-4881-4523-BB10-4180FB96A73E}.Debug|ARM.Deploy.0 = Debug|ARM
		{4A78D30A-4881-4523-BB10-4180FB96A73E}.Debug|iPhone.ActiveCfg = Debug|x86
		{4A78D30A-4881-4523-BB10-4180FB96A73E}.Debug|iPhoneSimulator.ActiveCfg = Debug|x86
		{4A78D30A-4881-4523-BB10-4180FB96A73E}.Debug|x64.ActiveCfg = Debug|x64
		{4A78D30A-4881-4523-BB10-4180FB96A73E}.Debug|x64.Build.0 = Debug|x64
		{4A78D30A-4881-4523-BB10-4180FB96A73E}.Debug|x64.Deploy.0 = Debug|x64
		{4A78D30A-4881-4523-BB10-4180FB96A73E}.Debug|x86.ActiveCfg = Debug|x86
		{4A78D30A-4881-4523-BB10-4180FB96A73E}.Debug|x86.Build.0 = Debug|x86
		{4A78D30A-4881-4523-BB10-4180FB96A73E}.Debug|x86.Deploy.0 = Debug|x86
		{4A78D30A-4881-4523-BB10-4180FB96A73E}.Release|Any CPU.ActiveCfg = Release|x86
		{4A78D30A-4881-4523-BB10-4180FB96A73E}.Release|ARM.ActiveCfg = Release|ARM
		{4A78D30A-4881-4523-BB10-4180FB96A73E}.Release|ARM.Build.0 = Release|ARM
		{4A78D30A-4881-4523-BB10-4180FB96A73E}.Release|ARM.Deploy.0 = Release|ARM
		{4A78D30A-4881-4523-BB10-4180FB96A73E}.Release|iPhone.ActiveCfg = Release|x86
		{4A78D30A-4881-4523-BB10-4180FB96A73E}.Release|iPhoneSimulator.ActiveCfg = Release|x86
		{4A78D30A-4881-4523-BB10-4180FB96A73E}.Release|x64.ActiveCfg = Release|x64
		{4A78D30A-4881-4523-BB10-4180FB96A73E}.Release|x64.Build.0 = Release|x64
		{4A78D30A-4881-4523-BB10-4180FB96A73E}.Release|x64.Deploy.0 = Release|x64
		{4A78D30A-4881-4523-BB10-4180FB96A73E}.Release|x86.ActiveCfg = Release|x86
		{4A78D30A-4881-4523-BB10-4180FB96A73E}.Release|x86.Build.0 = Release|x86
		{4A78D30A-4881-4523-BB10-4180FB96A73E}.Release|x86.Deploy.0 = Release|x86
		{2FB7C02A-E7C7-44FB-9E6D-51C49B9A1390}.Ad-Hoc|Any CPU.ActiveCfg = Ad-Hoc|iPhone
		{2FB7C02A-E7C7-44FB-9E6D-51C49B9A1390}.Ad-Hoc|ARM.ActiveCfg = Ad-Hoc|iPhone
		{2FB7C02A-E7C7-44FB-9E6D-51C49B9A1390}.Ad-Hoc|iPhone.ActiveCfg = Ad-Hoc|iPhone
		{2FB7C02A-E7C7-44FB-9E6D-51C49B9A1390}.Ad-Hoc|iPhone.Build.0 = Ad-Hoc|iPhone
		{2FB7C02A-E7C7-44FB-9E6D-51C49B9A1390}.Ad-Hoc|iPhoneSimulator.ActiveCfg = Ad-Hoc|iPhoneSimulator
		{2FB7C02A-E7C7-44FB-9E6D-51C49B9A1390}.Ad-Hoc|iPhoneSimulator.Build.0 = Ad-Hoc|iPhoneSimulator
		{2FB7C02A-E7C7-44FB-9E6D-51C49B9A1390}.Ad-Hoc|x64.ActiveCfg = Ad-Hoc|iPhone
		{2FB7C02A-E7C7-44FB-9E6D-51C49B9A1390}.Ad-Hoc|x86.ActiveCfg = Ad-Hoc|iPhone
		{2FB7C02A-E7C7-44FB-9E6D-51C49B9A1390}.AppStore|Any CPU.ActiveCfg = AppStore|iPhone
		{2FB7C02A-E7C7-44FB-9E6D-51C49B9A1390}.AppStore|ARM.ActiveCfg = AppStore|iPhone
		{2FB7C02A-E7C7-44FB-9E6D-51C49B9A1390}.AppStore|iPhone.ActiveCfg = AppStore|iPhone
		{2FB7C02A-E7C7-44FB-9E6D-51C49B9A1390}.AppStore|iPhone.Build.0 = AppStore|iPhone
		{2FB7C02A-E7C7-44FB-9E6D-51C49B9A1390}.AppStore|iPhoneSimulator.ActiveCfg = AppStore|iPhoneSimulator
		{2FB7C02A-E7C7-44FB-9E6D-51C49B9A1390}.AppStore|iPhoneSimulator.Build.0 = AppStore|iPhoneSimulator
		{2FB7C02A-E7C7-44FB-9E6D-51C49B9A1390}.AppStore|x64.ActiveCfg = AppStore|iPhone
		{2FB7C02A-E7C7-44FB-9E6D-51C49B9A1390}.AppStore|x86.ActiveCfg = AppStore|iPhone
		{2FB7C02A-E7C7-44FB-9E6D-51C49B9A1390}.Debug|Any CPU.ActiveCfg = Debug|iPhone
		{2FB7C02A-E7C7-44FB-9E6D-51C49B9A1390}.Debug|ARM.ActiveCfg = Debug|iPhone
		{2FB7C02A-E7C7-44FB-9E6D-51C49B9A1390}.Debug|iPhone.ActiveCfg = Debug|iPhone
		{2FB7C02A-E7C7-44FB-9E6D-51C49B9A1390}.Debug|iPhone.Build.0 = Debug|iPhone
		{2FB7C02A-E7C7-44FB-9E6D-51C49B9A1390}.Debug|iPhoneSimulator.ActiveCfg = Debug|iPhoneSimulator
		{2FB7C02A-E7C7-44FB-9E6D-51C49B9A1390}.Debug|iPhoneSimulator.Build.0 = Debug|iPhoneSimulator
		{2FB7C02A-E7C7-44FB-9E6D-51C49B9A1390}.Debug|x64.ActiveCfg = Debug|iPhone
		{2FB7C02A-E7C7-44FB-9E6D-51C49B9A1390}.Debug|x86.ActiveCfg = Debug|iPhone
		{2FB7C02A-E7C7-44FB-9E6D-51C49B9A1390}.Release|Any CPU.ActiveCfg = Release|iPhone
		{2FB7C02A-E7C7-44FB-9E6D-51C49B9A1390}.Release|ARM.ActiveCfg = Release|iPhone
		{2FB7C02A-E7C7-44FB-9E6D-51C49B9A1390}.Release|iPhone.ActiveCfg = Release|iPhone
		{2FB7C02A-E7C7-44FB-9E6D-51C49B9A1390}.Release|iPhone.Build.0 = Release|iPhone
		{2FB7C02A-E7C7-44FB-9E6D-51C49B9A1390}.Release|iPhoneSimulator.ActiveCfg = Release|iPhoneSimulator
		{2FB7C02A-E7C7-44FB-9E6D-51C49B9A1390}.Release|iPhoneSimulator.Build.0 = Release|iPhoneSimulator
		{2FB7C02A-E7C7-44FB-9E6D-51C49B9A1390}.Release|x64.ActiveCfg = Release|iPhone
		{2FB7C02A-E7C7-44FB-9E6D-51C49B9A1390}.Release|x86.ActiveCfg = Release|iPhone
	EndGlobalSection
	GlobalSection(SolutionProperties) = preSolution
		HideSolutionNode = FALSE
	EndGlobalSection
EndGlobal
